{
  "requires": true,
  "lockfileVersion": 1,
  "dependencies": {
    "cordova-plugin-x-socialsharing": {
      "version": "git+https://github.com/EddyVerbruggen/SocialSharing-PhoneGap-Plugin.git#51573c5e0ccaae2c84b541495c94c73196da3ae1",
      "from": "git+https://github.com/EddyVerbruggen/SocialSharing-PhoneGap-Plugin.git"
    }
  }
}
